
Microsoft Visual Studio Solution File, Format Version 12.00
# Visual Studio Version 17
VisualStudioVersion = 17.12.35707.178
MinimumVisualStudioVersion = 10.0.40219.1
Project("{FAE04EC0-301F-11D3-BF4B-00C04F79EFBC}") = "BuildThumbnails", "BuildThumbnails\BuildThumbnails.csproj", "{53EABE0D-E3A3-44DE-9E57-15847E9B39E5}"
EndProject
Project("{FAE04EC0-301F-11D3-BF4B-00C04F79EFBC}") = "Models", "Models\Models.csproj", "{7EF4D3FE-8F1F-4453-83EC-31FABC6B3C73}"
EndProject
Global
	GlobalSection(SolutionConfigurationPlatforms) = preSolution
		Debug|Any CPU = Debug|Any CPU
		Release|Any CPU = Release|Any CPU
	EndGlobalSection
	GlobalSection(ProjectConfigurationPlatforms) = postSolution
		{53EABE0D-E3A3-44DE-9E57-15847E9B39E5}.Debug|Any CPU.ActiveCfg = Debug|Any CPU
		{53EABE0D-E3A3-44DE-9E57-15847E9B39E5}.Debug|Any CPU.Build.0 = Debug|Any CPU
		{53EABE0D-E3A3-44DE-9E57-15847E9B39E5}.Release|Any CPU.ActiveCfg = Release|Any CPU
		{53EABE0D-E3A3-44DE-9E57-15847E9B39E5}.Release|Any CPU.Build.0 = Release|Any CPU
		{7EF4D3FE-8F1F-4453-83EC-31FABC6B3C73}.Debug|Any CPU.ActiveCfg = Debug|Any CPU
		{7EF4D3FE-8F1F-4453-83EC-31FABC6B3C73}.Debug|Any CPU.Build.0 = Debug|Any CPU
		{7EF4D3FE-8F1F-4453-83EC-31FABC6B3C73}.Release|Any CPU.ActiveCfg = Release|Any CPU
		{7EF4D3FE-8F1F-4453-83EC-31FABC6B3C73}.Release|Any CPU.Build.0 = Release|Any CPU
	EndGlobalSection
	GlobalSection(SolutionProperties) = preSolution
		HideSolutionNode = FALSE
	EndGlobalSection
	GlobalSection(ExtensibilityGlobals) = postSolution
		SolutionGuid = {C8682D98-AAB7-4DE7-BE7F-35062A51ABC8}
	EndGlobalSection
EndGlobal
